{
  "requires": true,
  "lockfileVersion": 1,
  "dependencies": {
    "quill-delta-to-html": {
      "version": "0.9.8",
      "resolved": "https://registry.npmjs.org/quill-delta-to-html/-/quill-delta-to-html-0.9.8.tgz",
      "integrity": "sha512-T7ciy9FzYHwCzJWlmKRfwUSd+PDcxSmKYHeqRo3UU7cPOqGllt1Nl7DrDHXXw8BvFAAZHWN3wyUyLu3jlF18NQ=="
    }
  }
}
